
Microsoft Visual Studio Solution File, Format Version 12.00
# Visual Studio 15
VisualStudioVersion = 15.0.27428.2043
MinimumVisualStudioVersion = 10.0.40219.1
Project("{FAE04EC0-301F-11D3-BF4B-00C04F79EFBC}") = "Witchie.Weather", "Witchie.Weather\Witchie.Weather.csproj", "{CC5E29CD-4698-4A74-96DE-EBB719D93F5C}"
EndProject
Project("{FAE04EC0-301F-11D3-BF4B-00C04F79EFBC}") = "Weather.Test", "Weather.Test\Weather.Test.csproj", "{CC18DD10-1AE3-45A0-BA5C-B8A242CFB359}"
EndProject
Global
	GlobalSection(SolutionConfigurationPlatforms) = preSolution
		Debug|Any CPU = Debug|Any CPU
		Release|Any CPU = Release|Any CPU
	EndGlobalSection
	GlobalSection(ProjectConfigurationPlatforms) = postSolution
		{CC5E29CD-4698-4A74-96DE-EBB719D93F5C}.Debug|Any CPU.ActiveCfg = Debug|Any CPU
		{CC5E29CD-4698-4A74-96DE-EBB719D93F5C}.Debug|Any CPU.Build.0 = Debug|Any CPU
		{CC5E29CD-4698-4A74-96DE-EBB719D93F5C}.Release|Any CPU.ActiveCfg = Release|Any CPU
		{CC5E29CD-4698-4A74-96DE-EBB719D93F5C}.Release|Any CPU.Build.0 = Release|Any CPU
		{CC18DD10-1AE3-45A0-BA5C-B8A242CFB359}.Debug|Any CPU.ActiveCfg = Debug|Any CPU
		{CC18DD10-1AE3-45A0-BA5C-B8A242CFB359}.Debug|Any CPU.Build.0 = Debug|Any CPU
		{CC18DD10-1AE3-45A0-BA5C-B8A242CFB359}.Release|Any CPU.ActiveCfg = Release|Any CPU
		{CC18DD10-1AE3-45A0-BA5C-B8A242CFB359}.Release|Any CPU.Build.0 = Release|Any CPU
	EndGlobalSection
	GlobalSection(SolutionProperties) = preSolution
		HideSolutionNode = FALSE
	EndGlobalSection
	GlobalSection(ExtensibilityGlobals) = postSolution
		SolutionGuid = {A64869FF-F976-4632-9F2E-2F78AD57A429}
	EndGlobalSection
EndGlobal
